
Microsoft Visual Studio Solution File, Format Version 12.00
# Visual Studio Version 16
VisualStudioVersion = 16.0.29020.237
MinimumVisualStudioVersion = 10.0.40219.1
Project("{9A19103F-16F7-4668-BE54-9A1E7A4F7556}") = "WebApplication", "WebApplication\WebApplication.csproj", "{010AB5D0-01C7-4607-9A2E-A90DA3EF290E}"
EndProject
Project("{E53339B2-1760-4266-BCC7-CA923CBCF16C}") = "docker-compose", "docker-compose.dcproj", "{A3D0A39F-0B72-4C31-87A0-84D793680855}"
EndProject
Global
	GlobalSection(SolutionConfigurationPlatforms) = preSolution
		Debug|Any CPU = Debug|Any CPU
		Release|Any CPU = Release|Any CPU
	EndGlobalSection
	GlobalSection(ProjectConfigurationPlatforms) = postSolution
		{010AB5D0-01C7-4607-9A2E-A90DA3EF290E}.Debug|Any CPU.ActiveCfg = Debug|Any CPU
		{010AB5D0-01C7-4607-9A2E-A90DA3EF290E}.Debug|Any CPU.Build.0 = Debug|Any CPU
		{010AB5D0-01C7-4607-9A2E-A90DA3EF290E}.Release|Any CPU.ActiveCfg = Release|Any CPU
		{010AB5D0-01C7-4607-9A2E-A90DA3EF290E}.Release|Any CPU.Build.0 = Release|Any CPU
		{A3D0A39F-0B72-4C31-87A0-84D793680855}.Debug|Any CPU.ActiveCfg = Debug|Any CPU
		{A3D0A39F-0B72-4C31-87A0-84D793680855}.Debug|Any CPU.Build.0 = Debug|Any CPU
		{A3D0A39F-0B72-4C31-87A0-84D793680855}.Release|Any CPU.ActiveCfg = Release|Any CPU
		{A3D0A39F-0B72-4C31-87A0-84D793680855}.Release|Any CPU.Build.0 = Release|Any CPU
	EndGlobalSection
	GlobalSection(SolutionProperties) = preSolution
		HideSolutionNode = FALSE
	EndGlobalSection
	GlobalSection(ExtensibilityGlobals) = postSolution
		SolutionGuid = {0F8F9EA8-B642-436D-98CA-076FD5644870}
	EndGlobalSection
EndGlobal
